
Microsoft Visual Studio Solution File, Format Version 12.00
# Visual Studio 2012
Project("{FAE04EC0-301F-11D3-BF4B-00C04F79EFBC}") = "UITableViewBugDemo.iOS", "iOS\UITableViewBugDemo.iOS.csproj", "{6FD3BD3C-DA2F-4F1F-AF8A-4AF0E96C60FB}"
EndProject
Project("{FAE04EC0-301F-11D3-BF4B-00C04F79EFBC}") = "UITableViewBugDemo", "UITableViewBugDemo\UITableViewBugDemo.csproj", "{B9394F15-3EDC-42B3-A4BF-8D2F29B2667F}"
EndProject
Global
	GlobalSection(SolutionConfigurationPlatforms) = preSolution
		Debug|iPhoneSimulator = Debug|iPhoneSimulator
		Release|iPhone = Release|iPhone
		Release|iPhoneSimulator = Release|iPhoneSimulator
		Debug|iPhone = Debug|iPhone
		Debug|Any CPU = Debug|Any CPU
		Release|Any CPU = Release|Any CPU
	EndGlobalSection
	GlobalSection(ProjectConfigurationPlatforms) = postSolution
		{6FD3BD3C-DA2F-4F1F-AF8A-4AF0E96C60FB}.Debug|iPhoneSimulator.ActiveCfg = Debug|iPhoneSimulator
		{6FD3BD3C-DA2F-4F1F-AF8A-4AF0E96C60FB}.Debug|iPhoneSimulator.Build.0 = Debug|iPhoneSimulator
		{6FD3BD3C-DA2F-4F1F-AF8A-4AF0E96C60FB}.Release|iPhone.ActiveCfg = Release|iPhone
		{6FD3BD3C-DA2F-4F1F-AF8A-4AF0E96C60FB}.Release|iPhone.Build.0 = Release|iPhone
		{6FD3BD3C-DA2F-4F1F-AF8A-4AF0E96C60FB}.Release|iPhoneSimulator.ActiveCfg = Release|iPhoneSimulator
		{6FD3BD3C-DA2F-4F1F-AF8A-4AF0E96C60FB}.Release|iPhoneSimulator.Build.0 = Release|iPhoneSimulator
		{6FD3BD3C-DA2F-4F1F-AF8A-4AF0E96C60FB}.Debug|iPhone.ActiveCfg = Debug|iPhone
		{6FD3BD3C-DA2F-4F1F-AF8A-4AF0E96C60FB}.Debug|iPhone.Build.0 = Debug|iPhone
		{6FD3BD3C-DA2F-4F1F-AF8A-4AF0E96C60FB}.Debug|Any CPU.ActiveCfg = Debug|iPhoneSimulator
		{6FD3BD3C-DA2F-4F1F-AF8A-4AF0E96C60FB}.Debug|Any CPU.Build.0 = Debug|iPhoneSimulator
		{6FD3BD3C-DA2F-4F1F-AF8A-4AF0E96C60FB}.Release|Any CPU.ActiveCfg = Release|iPhone
		{6FD3BD3C-DA2F-4F1F-AF8A-4AF0E96C60FB}.Release|Any CPU.Build.0 = Release|iPhone
		{B9394F15-3EDC-42B3-A4BF-8D2F29B2667F}.Debug|iPhoneSimulator.ActiveCfg = Debug|Any CPU
		{B9394F15-3EDC-42B3-A4BF-8D2F29B2667F}.Debug|iPhoneSimulator.Build.0 = Debug|Any CPU
		{B9394F15-3EDC-42B3-A4BF-8D2F29B2667F}.Release|iPhone.ActiveCfg = Release|Any CPU
		{B9394F15-3EDC-42B3-A4BF-8D2F29B2667F}.Release|iPhone.Build.0 = Release|Any CPU
		{B9394F15-3EDC-42B3-A4BF-8D2F29B2667F}.Release|iPhoneSimulator.ActiveCfg = Release|Any CPU
		{B9394F15-3EDC-42B3-A4BF-8D2F29B2667F}.Release|iPhoneSimulator.Build.0 = Release|Any CPU
		{B9394F15-3EDC-42B3-A4BF-8D2F29B2667F}.Debug|iPhone.ActiveCfg = Debug|Any CPU
		{B9394F15-3EDC-42B3-A4BF-8D2F29B2667F}.Debug|iPhone.Build.0 = Debug|Any CPU
		{B9394F15-3EDC-42B3-A4BF-8D2F29B2667F}.Debug|Any CPU.ActiveCfg = Debug|Any CPU
		{B9394F15-3EDC-42B3-A4BF-8D2F29B2667F}.Debug|Any CPU.Build.0 = Debug|Any CPU
		{B9394F15-3EDC-42B3-A4BF-8D2F29B2667F}.Release|Any CPU.ActiveCfg = Release|Any CPU
		{B9394F15-3EDC-42B3-A4BF-8D2F29B2667F}.Release|Any CPU.Build.0 = Release|Any CPU
	EndGlobalSection
EndGlobal
